
Microsoft Visual Studio Solution File, Format Version 9.00
# Visual Studio 2005
Project("{FAE04EC0-301F-11D3-BF4B-00C04F79EFBC}") = "TitleAnimator", "TitleAnimator.csproj", "{D791056D-3755-48FF-8E4F-596E30C46737}"
EndProject
Global
	GlobalSection(SolutionConfigurationPlatforms) = preSolution
		Debug|Any CPU = Debug|Any CPU
	EndGlobalSection
	GlobalSection(ProjectConfigurationPlatforms) = postSolution
		{D791056D-3755-48FF-8E4F-596E30C46737}.Debug|Any CPU.ActiveCfg = Debug|Any CPU
		{D791056D-3755-48FF-8E4F-596E30C46737}.Debug|Any CPU.Build.0 = Debug|Any CPU
	EndGlobalSection
	GlobalSection(SolutionProperties) = preSolution
		HideSolutionNode = FALSE
	EndGlobalSection
EndGlobal
